PODS:
  - KeyboardController (0.0.1)

DEPENDENCIES:
  - KeyboardController (from `../`)

EXTERNAL SOURCES:
  KeyboardController:
    :path: "../"

SPEC CHECKSUMS:
  KeyboardController: 063671ba82a9b20043d1f9275ed0518d5b5e9b08

PODFILE CHECKSUM: c8b1df68ae0511d6e8a0a48b030846b5da2d0306

COCOAPODS: 1.7.5
